{
  "name": "stattic",
  "version": "0.2.3",
  "lockfileVersion": 1,
  "requires": true,
  "dependencies": {
    "get-args": {
      "version": "2.0.0",
      "resolved": "https://registry.npmjs.org/get-args/-/get-args-2.0.0.tgz",
      "integrity": "sha512-eBY1Nlo4gYcHV88BlE4PMUeGFn5n+6EO2E/2oLziBEkUWsv7H3wZLJvXEHxXkCtYijiY3cbCxcCq67zuk6It6A=="
    },
    "mime": {
      "version": "2.2.0",
      "resolved": "https://registry.npmjs.org/mime/-/mime-2.2.0.tgz",
      "integrity": "sha512-0Qz9uF1ATtl8RKJG4VRfOymh7PyEor6NbrI/61lRfuRe4vx9SNATrvAeTj2EWVRKjEQGskrzWkJBBY5NbaVHIA=="
    }
  }
}
